
Microsoft Visual Studio Solution File, Format Version 12.00
# Visual Studio Version 17
VisualStudioVersion = 17.0.31903.59
MinimumVisualStudioVersion = 10.0.40219.1
Project("{FAE04EC0-301F-11D3-BF4B-00C04F79EFBC}") = "Git", "git\Git.csproj", "{D78D70E6-D01A-4BD9-B0D9-AA179104635F}"
EndProject
Project("{FAE04EC0-301F-11D3-BF4B-00C04F79EFBC}") = "Git.New", "git.new\Git.New.csproj", "{35D744D4-FB66-4009-AC85-B3F659D62E42}"
EndProject
Global
	GlobalSection(SolutionConfigurationPlatforms) = preSolution
		Debug|Any CPU = Debug|Any CPU
		Release|Any CPU = Release|Any CPU
	EndGlobalSection
	GlobalSection(SolutionProperties) = preSolution
		HideSolutionNode = FALSE
	EndGlobalSection
	GlobalSection(ProjectConfigurationPlatforms) = postSolution
		{D78D70E6-D01A-4BD9-B0D9-AA179104635F}.Debug|Any CPU.ActiveCfg = Debug|Any CPU
		{D78D70E6-D01A-4BD9-B0D9-AA179104635F}.Debug|Any CPU.Build.0 = Debug|Any CPU
		{D78D70E6-D01A-4BD9-B0D9-AA179104635F}.Release|Any CPU.ActiveCfg = Release|Any CPU
		{D78D70E6-D01A-4BD9-B0D9-AA179104635F}.Release|Any CPU.Build.0 = Release|Any CPU
		{35D744D4-FB66-4009-AC85-B3F659D62E42}.Debug|Any CPU.ActiveCfg = Debug|Any CPU
		{35D744D4-FB66-4009-AC85-B3F659D62E42}.Debug|Any CPU.Build.0 = Debug|Any CPU
		{35D744D4-FB66-4009-AC85-B3F659D62E42}.Release|Any CPU.ActiveCfg = Release|Any CPU
		{35D744D4-FB66-4009-AC85-B3F659D62E42}.Release|Any CPU.Build.0 = Release|Any CPU
	EndGlobalSection
EndGlobal
